// !$*UTF8*$!
{
	archiveVersion = 1;
	classes = {
	};
	objectVersion = 77;
	objects = {

/* Begin PBXContainerItemProxy section */
		5BC639EA2D67DB5500660C6A /* PBXContainerItemProxy */ = {
			isa = PBXContainerItemProxy;
			containerPortal = 5BC639D12D67DB5100660C6A /* Project object */;
			proxyType = 1;
			remoteGlobalIDString = 5BC639D82D67DB5100660C6A;
			remoteInfo = "Social Bubble";
		};
		5BC639F42D67DB5500660C6A /* PBXContainerItemProxy */ = {
			isa = PBXContainerItemProxy;
			containerPortal = 5BC639D12D67DB5100660C6A /* Project object */;
			proxyType = 1;
			remoteGlobalIDString = 5BC639D82D67DB5100660C6A;
			remoteInfo = "Social Bubble";
		};
/* End PBXContainerItemProxy section */

/* Begin PBXFileReference section */
		5BC639D92D67DB5100660C6A /* Social Bubble.app */ = {isa = PBXFileReference; explicitFileType = wrapper.application; includeInIndex = 0; path = "Social Bubble.app"; sourceTree = BUILT_PRODUCTS_DIR; };
		5BC639E92D67DB5500660C6A /* Social BubbleTests.xctest */ = {isa = PBXFileReference; explicitFileType = wrapper.cfbundle; includeInIndex = 0; path = "Social BubbleTests.xctest"; sourceTree = BUILT_PRODUCTS_DIR; };
		5BC639F32D67DB5500660C6A /* Social BubbleUITests.xctest */ = {isa = PBXFileReference; explicitFileType = wrapper.cfbundle; includeInIndex = 0; path = "Social BubbleUITests.xctest"; sourceTree = BUILT_PRODUCTS_DIR; };
/* End PBXFileReference section */

/* Begin PBXFileSystemSynchronizedRootGroup section */
		5BC639DB2D67DB5100660C6A /* Social Bubble */ = {
			isa = PBXFileSystemSynchronizedRootGroup;
			path = "Social Bubble";
			sourceTree = "<group>";
		};
		5BC639EC2D67DB5500660C6A /* Social BubbleTests */ = {
			isa = PBXFileSystemSynchronizedRootGroup;
			path = "Social BubbleTests";
			sourceTree = "<group>";
		};
		5BC639F62D67DB5500660C6A /* Social BubbleUITests */ = {
			isa = PBXFileSystemSynchronizedRootGroup;
			path = "Social BubbleUITests";
			sourceTree = "<group>";
		};
/* End PBXFileSystemSynchronizedRootGroup section */

/* Begin PBXFrameworksBuildPhase section */
		5BC639D62D67DB5100660C6A /* Frameworks */ = {
			isa = PBXFrameworksBuildPhase;
			buildActionMask = 2147483647;
			files = (
			);
			runOnlyForDeploymentPostprocessing = 0;
		};
		5BC639E62D67DB5500660C6A /* Frameworks */ = {
			isa = PBXFrameworksBuildPhase;
			buildActionMask = 2147483647;
			files = (
			);
			runOnlyForDeploymentPostprocessing = 0;
		};
		5BC639F02D67DB5500660C6A /* Frameworks */ = {
			isa = PBXFrameworksBuildPhase;
			buildActionMask = 2147483647;
			files = (
			);
			runOnlyForDeploymentPostprocessing = 0;
		};
/* End PBXFrameworksBuildPhase section */

/* Begin PBXGroup section */
		5BC639D02D67DB5100660C6A = {
			isa = PBXGroup;
			children = (
				5BC639DB2D67DB5100660C6A /* Social Bubble */,
				5BC639EC2D67DB5500660C6A /* Social BubbleTests */,
				5BC639F62D67DB5500660C6A /* Social BubbleUITests */,
				5BC639DA2D67DB5100660C6A /* Products */,
			);
			sourceTree = "<group>";
		};
		5BC639DA2D67DB5100660C6A /* Products */ = {
			isa = PBXGroup;
			children = (
				5BC639D92D67DB5100660C6A /* Social Bubble.app */,
				5BC639E92D67DB5500660C6A /* Social BubbleTests.xctest */,
				5BC639F32D67DB5500660C6A /* Social BubbleUITests.xctest */,
			);
			name = Products;
			sourceTree = "<group>";
		};
/* End PBXGroup section */

/* Begin PBXNativeTarget section */
		5BC639D82D67DB5100660C6A /* Social Bubble */ = {
			isa = PBXNativeTarget;
			buildConfigurationList = 5BC639FD2D67DB5500660C6A /* Build configuration list for PBXNativeTarget "Social Bubble" */;
			buildPhases = (
				5BC639D52D67DB5100660C6A /* Sources */,
				5BC639D62D67DB5100660C6A /* Frameworks */,
				5BC639D72D67DB5100660C6A /* Resources */,
			);
			buildRules = (
			);
			dependencies = (
			);
			fileSystemSynchronizedGroups = (
				5BC639DB2D67DB5100660C6A /* Social Bubble */,
			);
			name = "Social Bubble";
			packageProductDependencies = (
			);
			productName = "Social Bubble";
			productReference = 5BC639D92D67DB5100660C6A /* Social Bubble.app */;
			productType = "com.apple.product-type.application";
		};
		5BC639E82D67DB5500660C6A /* Social BubbleTests */ = {
			isa = PBXNativeTarget;
			buildConfigurationList = 5BC63A002D67DB5500660C6A /* Build configuration list for PBXNativeTarget "Social BubbleTests" */;
			buildPhases = (
				5BC639E52D67DB5500660C6A /* Sources */,
				5BC639E62D67DB5500660C6A /* Frameworks */,
				5BC639E72D67DB5500660C6A /* Resources */,
			);
			buildRules = (
			);
			dependencies = (
				5BC639EB2D67DB5500660C6A /* PBXTargetDependency */,
			);
			fileSystemSynchronizedGroups = (
				5BC639EC2D67DB5500660C6A /* Social BubbleTests */,
			);
			name = "Social BubbleTests";
			packageProductDependencies = (
			);
			productName = "Social BubbleTests";
			productReference = 5BC639E92D67DB5500660C6A /* Social BubbleTests.xctest */;
			productType = "com.apple.product-type.bundle.unit-test";
		};
		5BC639F22D67DB5500660C6A /* Social BubbleUITests */ = {
			isa = PBXNativeTarget;
			buildConfigurationList = 5BC63A032D67DB5500660C6A /* Build configuration list for PBXNativeTarget "Social BubbleUITests" */;
			buildPhases = (
				5BC639EF2D67DB5500660C6A /* Sources */,
				5BC639F02D67DB5500660C6A /* Frameworks */,
				5BC639F12D67DB5500660C6A /* Resources */,
			);
			buildRules = (
			);
			dependencies = (
				5BC639F52D67DB5500660C6A /* PBXTargetDependency */,
			);
			fileSystemSynchronizedGroups = (
				5BC639F62D67DB5500660C6A /* Social BubbleUITests */,
			);
			name = "Social BubbleUITests";
			packageProductDependencies = (
			);
			productName = "Social BubbleUITests";
			productReference = 5BC639F32D67DB5500660C6A /* Social BubbleUITests.xctest */;
			productType = "com.apple.product-type.bundle.ui-testing";
		};
/* End PBXNativeTarget section */

/* Begin PBXProject section */
		5BC639D12D67DB5100660C6A /* Project object */ = {
			isa = PBXProject;
			attributes = {
				BuildIndependentTargetsInParallel = 1;
				LastSwiftUpdateCheck = 1620;
				LastUpgradeCheck = 1620;
				TargetAttributes = {
					5BC639D82D67DB5100660C6A = {
						CreatedOnToolsVersion = 16.2;
					};
					5BC639E82D67DB5500660C6A = {
						CreatedOnToolsVersion = 16.2;
						TestTargetID = 5BC639D82D67DB5100660C6A;
					};
					5BC639F22D67DB5500660C6A = {
						CreatedOnToolsVersion = 16.2;
						TestTargetID = 5BC639D82D67DB5100660C6A;
					};
				};
			};
			buildConfigurationList = 5BC639D42D67DB5100660C6A /* Build configuration list for PBXProject "Social Bubble" */;
			developmentRegion = en;
			hasScannedForEncodings = 0;
			knownRegions = (
				en,
				Base,
			);
			mainGroup = 5BC639D02D67DB5100660C6A;
			minimizedProjectReferenceProxies = 1;
			preferredProjectObjectVersion = 77;
			productRefGroup = 5BC639DA2D67DB5100660C6A /* Products */;
			projectDirPath = "";
			projectRoot = "";
			targets = (
				5BC639D82D67DB5100660C6A /* Social Bubble */,
				5BC639E82D67DB5500660C6A /* Social BubbleTests */,
				5BC639F22D67DB5500660C6A /* Social BubbleUITests */,
			);
		};
/* End PBXProject section */

/* Begin PBXResourcesBuildPhase section */
		5BC639D72D67DB5100660C6A /* Resources */ = {
			isa = PBXResourcesBuildPhase;
			buildActionMask = 2147483647;
			files = (
			);
			runOnlyForDeploymentPostprocessing = 0;
		};
		5BC639E72D67DB5500660C6A /* Resources */ = {
			isa = PBXResourcesBuildPhase;
			buildActionMask = 2147483647;
			files = (
			);
			runOnlyForDeploymentPostprocessing = 0;
		};
		5BC639F12D67DB5500660C6A /* Resources */ = {
			isa = PBXResourcesBuildPhase;
			buildActionMask = 2147483647;
			files = (
			);
			runOnlyForDeploymentPostprocessing = 0;
		};
/* End PBXResourcesBuildPhase section */

/* Begin PBXSourcesBuildPhase section */
		5BC639D52D67DB5100660C6A /* Sources */ = {
			isa = PBXSourcesBuildPhase;
			buildActionMask = 2147483647;
			files = (
			);
			runOnlyForDeploymentPostprocessing = 0;
		};
		5BC639E52D67DB5500660C6A /* Sources */ = {
			isa = PBXSourcesBuildPhase;
			buildActionMask = 2147483647;
			files = (
			);
			runOnlyForDeploymentPostprocessing = 0;
		};
		5BC639EF2D67DB5500660C6A /* Sources */ = {
			isa = PBXSourcesBuildPhase;
			buildActionMask = 2147483647;
			files = (
			);
			runOnlyForDeploymentPostprocessing = 0;
		};
/* End PBXSourcesBuildPhase section */

/* Begin PBXTargetDependency section */
		5BC639EB2D67DB5500660C6A /* PBXTargetDependency */ = {
			isa = PBXTargetDependency;
			target = 5BC639D82D67DB5100660C6A /* Social Bubble */;
			targetProxy = 5BC639EA2D67DB5500660C6A /* PBXContainerItemProxy */;
		};
		5BC639F52D67DB5500660C6A /* PBXTargetDependency */ = {
			isa = PBXTargetDependency;
			target = 5BC639D82D67DB5100660C6A /* Social Bubble */;
			targetProxy = 5BC639F42D67DB5500660C6A /* PBXContainerItemProxy */;
		};
/* End PBXTargetDependency section */

/* Begin XCBuildConfiguration section */
		5BC639FB2D67DB5500660C6A /* Debug */ = {
			isa = XCBuildConfiguration;
			buildSettings = {
				ALWAYS_SEARCH_USER_PATHS = NO;
				ASSETCATALOG_COMPILER_GENERATE_SWIFT_ASSET_SYMBOL_EXTENSIONS = YES;
				CLANG_ANALYZER_NONNULL = YES;
				CLANG_ANALYZER_NUMBER_OBJECT_CONVERSION = YES_AGGRESSIVE;
				CLANG_CXX_LANGUAGE_STANDARD = "gnu++20";
				CLANG_ENABLE_MODULES = YES;
				CLANG_ENABLE_OBJC_ARC = YES;
				CLANG_ENABLE_OBJC_WEAK = YES;
				CLANG_WARN_BLOCK_CAPTURE_AUTORELEASING = YES;
				CLANG_WARN_BOOL_CONVERSION = YES;
				CLANG_WARN_COMMA = YES;
				CLANG_WARN_CONSTANT_CONVERSION = YES;
				CLANG_WARN_DEPRECATED_OBJC_IMPLEMENTATIONS = YES;
				CLANG_WARN_DIRECT_OBJC_ISA_USAGE = YES_ERROR;
				CLANG_WARN_DOCUMENTATION_COMMENTS = YES;
				CLANG_WARN_EMPTY_BODY = YES;
				CLANG_WARN_ENUM_CONVERSION = YES;
				CLANG_WARN_INFINITE_RECURSION = YES;
				CLANG_WARN_INT_CONVERSION = YES;
				CLANG_WARN_NON_LITERAL_NULL_CONVERSION = YES;
				CLANG_WARN_OBJC_IMPLICIT_RETAIN_SELF = YES;
				CLANG_WARN_OBJC_LITERAL_CONVERSION = YES;
				CLANG_WARN_OBJC_ROOT_CLASS = YES_ERROR;
				CLANG_WARN_QUOTED_INCLUDE_IN_FRAMEWORK_HEADER = YES;
				CLANG_WARN_RANGE_LOOP_ANALYSIS = YES;
				CLANG_WARN_STRICT_PROTOTYPES = YES;
				CLANG_WARN_SUSPICIOUS_MOVE = YES;
				CLANG_WARN_UNGUARDED_AVAILABILITY = YES_AGGRESSIVE;
				CLANG_WARN_UNREACHABLE_CODE = YES;
				CLANG_WARN__DUPLICATE_METHOD_MATCH = YES;
				COPY_PHASE_STRIP = NO;
				DEBUG_INFORMATION_FORMAT = dwarf;
				ENABLE_STRICT_OBJC_MSGSEND = YES;
				ENABLE_TESTABILITY = YES;
				ENABLE_USER_SCRIPT_SANDBOXING = YES;
				GCC_C_LANGUAGE_STANDARD = gnu17;
				GCC_DYNAMIC_NO_PIC = NO;
				GCC_NO_COMMON_BLOCKS = YES;
				GCC_OPTIMIZATION_LEVEL = 0;
				GCC_PREPROCESSOR_DEFINITIONS = (
					"DEBUG=1",
					"$(inherited)",
				);
				GCC_WARN_64_TO_32_BIT_CONVERSION = YES;
				GCC_WARN_ABOUT_RETURN_TYPE = YES_ERROR;
				GCC_WARN_UNDECLARED_SELECTOR = YES;
				GCC_WARN_UNINITIALIZED_AUTOS = YES_AGGRESSIVE;
				GCC_WARN_UNUSED_FUNCTION = YES;
				GCC_WARN_UNUSED_VARIABLE = YES;
				IPHONEOS_DEPLOYMENT_TARGET = 18.2;
				LOCALIZATION_PREFERS_STRING_CATALOGS = YES;
				MTL_ENABLE_DEBUG_INFO = INCLUDE_SOURCE;
				MTL_FAST_MATH = YES;
				ONLY_ACTIVE_ARCH = YES;
				SDKROOT = iphoneos;
				SWIFT_ACTIVE_COMPILATION_CONDITIONS = "DEBUG $(inherited)";
				SWIFT_OPTIMIZATION_LEVEL = "-Onone";
			};
			name = Debug;
		};
		5BC639FC2D67DB5500660C6A /* Release */ = {
			isa = XCBuildConfiguration;
			buildSettings = {
				ALWAYS_SEARCH_USER_PATHS = NO;
				ASSETCATALOG_COMPILER_GENERATE_SWIFT_ASSET_SYMBOL_EXTENSIONS = YES;
				CLANG_ANALYZER_NONNULL = YES;
				CLANG_ANALYZER_NUMBER_OBJECT_CONVERSION = YES_AGGRESSIVE;
				CLANG_CXX_LANGUAGE_STANDARD = "gnu++20";
				CLANG_ENABLE_MODULES = YES;
				CLANG_ENABLE_OBJC_ARC = YES;
				CLANG_ENABLE_OBJC_WEAK = YES;
				CLANG_WARN_BLOCK_CAPTURE_AUTORELEASING = YES;
				CLANG_WARN_BOOL_CONVERSION = YES;
				CLANG_WARN_COMMA = YES;
				CLANG_WARN_CONSTANT_CONVERSION = YES;
				CLANG_WARN_DEPRECATED_OBJC_IMPLEMENTATIONS = YES;
				CLANG_WARN_DIRECT_OBJC_ISA_USAGE = YES_ERROR;
				CLANG_WARN_DOCUMENTATION_COMMENTS = YES;
				CLANG_WARN_EMPTY_BODY = YES;
				CLANG_WARN_ENUM_CONVERSION = YES;
				CLANG_WARN_INFINITE_RECURSION = YES;
				CLANG_WARN_INT_CONVERSION = YES;
				CLANG_WARN_NON_LITERAL_NULL_CONVERSION = YES;
				CLANG_WARN_OBJC_IMPLICIT_RETAIN_SELF = YES;
				CLANG_WARN_OBJC_LITERAL_CONVERSION = YES;
				CLANG_WARN_OBJC_ROOT_CLASS = YES_ERROR;
				CLANG_WARN_QUOTED_INCLUDE_IN_FRAMEWORK_HEADER = YES;
				CLANG_WARN_RANGE_LOOP_ANALYSIS = YES;
				CLANG_WARN_STRICT_PROTOTYPES = YES;
				CLANG_WARN_SUSPICIOUS_MOVE = YES;
				CLANG_WARN_UNGUARDED_AVAILABILITY = YES_AGGRESSIVE;
				CLANG_WARN_UNREACHABLE_CODE = YES;
				CLANG_WARN__DUPLICATE_METHOD_MATCH = YES;
				COPY_PHASE_STRIP = NO;
				DEBUG_INFORMATION_FORMAT = "dwarf-with-dsym";
				ENABLE_NS_ASSERTIONS = NO;
				ENABLE_STRICT_OBJC_MSGSEND = YES;
				ENABLE_USER_SCRIPT_SANDBOXING = YES;
				GCC_C_LANGUAGE_STANDARD = gnu17;
				GCC_NO_COMMON_BLOCKS = YES;
				GCC_WARN_64_TO_32_BIT_CONVERSION = YES;
				GCC_WARN_ABOUT_RETURN_TYPE = YES_ERROR;
				GCC_WARN_UNDECLARED_SELECTOR = YES;
				GCC_WARN_UNINITIALIZED_AUTOS = YES_AGGRESSIVE;
				GCC_WARN_UNUSED_FUNCTION = YES;
				GCC_WARN_UNUSED_VARIABLE = YES;
				IPHONEOS_DEPLOYMENT_TARGET = 18.2;
				LOCALIZATION_PREFERS_STRING_CATALOGS = YES;
				MTL_ENABLE_DEBUG_INFO = NO;
				MTL_FAST_MATH = YES;
				SDKROOT = iphoneos;
				SWIFT_COMPILATION_MODE = wholemodule;
				VALIDATE_PRODUCT = YES;
			};
			name = Release;
		};
		5BC639FE2D67DB5500660C6A /* Debug */ = {
			isa = XCBuildConfiguration;
			buildSettings = {
				ASSETCATALOG_COMPILER_APPICON_NAME = AppIcon;
				ASSETCATALOG_COMPILER_GLOBAL_ACCENT_COLOR_NAME = AccentColor;
				CODE_SIGN_STYLE = Automatic;
				CURRENT_PROJECT_VERSION = 1;
				DEVELOPMENT_ASSET_PATHS = "\"Social Bubble/Preview Content\"";
				DEVELOPMENT_TEAM = TUUCB9539Y;
				ENABLE_PREVIEWS = YES;
				GENERATE_INFOPLIST_FILE = YES;
				INFOPLIST_KEY_UIApplicationSceneManifest_Generation = YES;
				INFOPLIST_KEY_UIApplicationSupportsIndirectInputEvents = YES;
				INFOPLIST_KEY_UILaunchScreen_Generation = YES;
				INFOPLIST_KEY_UISupportedInterfaceOrientations_iPad = "UIInterfaceOrientationPortrait UIInterfaceOrientationPortraitUpsideDown UIInterfaceOrientationLandscapeLeft UIInterfaceOrientationLandscapeRight";
				INFOPLIST_KEY_UISupportedInterfaceOrientations_iPhone = "UIInterfaceOrientationPortrait UIInterfaceOrientationLandscapeLeft UIInterfaceOrientationLandscapeRight";
				LD_RUNPATH_SEARCH_PATHS = (
					"$(inherited)",
					"@executable_path/Frameworks",
				);
				MARKETING_VERSION = 1.0;
				PRODUCT_BUNDLE_IDENTIFIER = "com.rishisarkar.Social-Bubble";
				PRODUCT_NAME = "$(TARGET_NAME)";
				SWIFT_EMIT_LOC_STRINGS = YES;
				SWIFT_VERSION = 5.0;
				TARGETED_DEVICE_FAMILY = "1,2";
			};
			name = Debug;
		};
		5BC639FF2D67DB5500660C6A /* Release */ = {
			isa = XCBuildConfiguration;
			buildSettings = {
				ASSETCATALOG_COMPILER_APPICON_NAME = AppIcon;
				ASSETCATALOG_COMPILER_GLOBAL_ACCENT_COLOR_NAME = AccentColor;
				CODE_SIGN_STYLE = Automatic;
				CURRENT_PROJECT_VERSION = 1;
				DEVELOPMENT_ASSET_PATHS = "\"Social Bubble/Preview Content\"";
				DEVELOPMENT_TEAM = TUUCB9539Y;
				ENABLE_PREVIEWS = YES;
				GENERATE_INFOPLIST_FILE = YES;
				INFOPLIST_KEY_UIApplicationSceneManifest_Generation = YES;
				INFOPLIST_KEY_UIApplicationSupportsIndirectInputEvents = YES;
				INFOPLIST_KEY_UILaunchScreen_Generation = YES;
				INFOPLIST_KEY_UISupportedInterfaceOrientations_iPad = "UIInterfaceOrientationPortrait UIInterfaceOrientationPortraitUpsideDown UIInterfaceOrientationLandscapeLeft UIInterfaceOrientationLandscapeRight";
				INFOPLIST_KEY_UISupportedInterfaceOrientations_iPhone = "UIInterfaceOrientationPortrait UIInterfaceOrientationLandscapeLeft UIInterfaceOrientationLandscapeRight";
				LD_RUNPATH_SEARCH_PATHS = (
					"$(inherited)",
					"@executable_path/Frameworks",
				);
				MARKETING_VERSION = 1.0;
				PRODUCT_BUNDLE_IDENTIFIER = "com.rishisarkar.Social-Bubble";
				PRODUCT_NAME = "$(TARGET_NAME)";
				SWIFT_EMIT_LOC_STRINGS = YES;
				SWIFT_VERSION = 5.0;
				TARGETED_DEVICE_FAMILY = "1,2";
			};
			name = Release;
		};
		5BC63A012D67DB5500660C6A /* Debug */ = {
			isa = XCBuildConfiguration;
			buildSettings = {
				BUNDLE_LOADER = "$(TEST_HOST)";
				CODE_SIGN_STYLE = Automatic;
				CURRENT_PROJECT_VERSION = 1;
				DEVELOPMENT_TEAM = TUUCB9539Y;
				GENERATE_INFOPLIST_FILE = YES;
				IPHONEOS_DEPLOYMENT_TARGET = 18.2;
				MARKETING_VERSION = 1.0;
				PRODUCT_BUNDLE_IDENTIFIER = "com.rishisarkar.Social-BubbleTests";
				PRODUCT_NAME = "$(TARGET_NAME)";
				SWIFT_EMIT_LOC_STRINGS = NO;
				SWIFT_VERSION = 5.0;
				TARGETED_DEVICE_FAMILY = "1,2";
				TEST_HOST = "$(BUILT_PRODUCTS_DIR)/Social Bubble.app/$(BUNDLE_EXECUTABLE_FOLDER_PATH)/Social Bubble";
			};
			name = Debug;
		};
		5BC63A022D67DB5500660C6A /* Release */ = {
			isa = XCBuildConfiguration;
			buildSettings = {
				BUNDLE_LOADER = "$(TEST_HOST)";
				CODE_SIGN_STYLE = Automatic;
				CURRENT_PROJECT_VERSION = 1;
				DEVELOPMENT_TEAM = TUUCB9539Y;
				GENERATE_INFOPLIST_FILE = YES;
				IPHONEOS_DEPLOYMENT_TARGET = 18.2;
				MARKETING_VERSION = 1.0;
				PRODUCT_BUNDLE_IDENTIFIER = "com.rishisarkar.Social-BubbleTests";
				PRODUCT_NAME = "$(TARGET_NAME)";
				SWIFT_EMIT_LOC_STRINGS = NO;
				SWIFT_VERSION = 5.0;
				TARGETED_DEVICE_FAMILY = "1,2";
				TEST_HOST = "$(BUILT_PRODUCTS_DIR)/Social Bubble.app/$(BUNDLE_EXECUTABLE_FOLDER_PATH)/Social Bubble";
			};
			name = Release;
		};
		5BC63A042D67DB5500660C6A /* Debug */ = {
			isa = XCBuildConfiguration;
			buildSettings = {
				CODE_SIGN_STYLE = Automatic;
				CURRENT_PROJECT_VERSION = 1;
				DEVELOPMENT_TEAM = TUUCB9539Y;
				GENERATE_INFOPLIST_FILE = YES;
				MARKETING_VERSION = 1.0;
				PRODUCT_BUNDLE_IDENTIFIER = "com.rishisarkar.Social-BubbleUITests";
				PRODUCT_NAME = "$(TARGET_NAME)";
				SWIFT_EMIT_LOC_STRINGS = NO;
				SWIFT_VERSION = 5.0;
				TARGETED_DEVICE_FAMILY = "1,2";
				TEST_TARGET_NAME = "Social Bubble";
			};
			name = Debug;
		};
		5BC63A052D67DB5500660C6A /* Release */ = {
			isa = XCBuildConfiguration;
			buildSettings = {
				CODE_SIGN_STYLE = Automatic;
				CURRENT_PROJECT_VERSION = 1;
				DEVELOPMENT_TEAM = TUUCB9539Y;
				GENERATE_INFOPLIST_FILE = YES;
				MARKETING_VERSION = 1.0;
				PRODUCT_BUNDLE_IDENTIFIER = "com.rishisarkar.Social-BubbleUITests";
				PRODUCT_NAME = "$(TARGET_NAME)";
				SWIFT_EMIT_LOC_STRINGS = NO;
				SWIFT_VERSION = 5.0;
				TARGETED_DEVICE_FAMILY = "1,2";
				TEST_TARGET_NAME = "Social Bubble";
			};
			name = Release;
		};
/* End XCBuildConfiguration section */

/* Begin XCConfigurationList section */
		5BC639D42D67DB5100660C6A /* Build configuration list for PBXProject "Social Bubble" */ = {
			isa = XCConfigurationList;
			buildConfigurations = (
				5BC639FB2D67DB5500660C6A /* Debug */,
				5BC639FC2D67DB5500660C6A /* Release */,
			);
			defaultConfigurationIsVisible = 0;
			defaultConfigurationName = Release;
		};
		5BC639FD2D67DB5500660C6A /* Build configuration list for PBXNativeTarget "Social Bubble" */ = {
			isa = XCConfigurationList;
			buildConfigurations = (
				5BC639FE2D67DB5500660C6A /* Debug */,
				5BC639FF2D67DB5500660C6A /* Release */,
			);
			defaultConfigurationIsVisible = 0;
			defaultConfigurationName = Release;
		};
		5BC63A002D67DB5500660C6A /* Build configuration list for PBXNativeTarget "Social BubbleTests" */ = {
			isa = XCConfigurationList;
			buildConfigurations = (
				5BC63A012D67DB5500660C6A /* Debug */,
				5BC63A022D67DB5500660C6A /* Release */,
			);
			defaultConfigurationIsVisible = 0;
			defaultConfigurationName = Release;
		};
		5BC63A032D67DB5500660C6A /* Build configuration list for PBXNativeTarget "Social BubbleUITests" */ = {
			isa = XCConfigurationList;
			buildConfigurations = (
				5BC63A042D67DB5500660C6A /* Debug */,
				5BC63A052D67DB5500660C6A /* Release */,
			);
			defaultConfigurationIsVisible = 0;
			defaultConfigurationName = Release;
		};
/* End XCConfigurationList section */
	};
	rootObject = 5BC639D12D67DB5100660C6A /* Project object */;
}
